
Microsoft Visual Studio Solution File, Format Version 12.00
# Visual Studio Version 17
VisualStudioVersion = 17.5.33516.290
MinimumVisualStudioVersion = 10.0.40219.1
Project("{FAE04EC0-301F-11D3-BF4B-00C04F79EFBC}") = "ConsoleApp1", "ConsoleApp1.csproj", "{DB89058E-228F-4959-B551-AF71688643DD}"
EndProject
Global
	GlobalSection(SolutionConfigurationPlatforms) = preSolution
		Debug|Any CPU = Debug|Any CPU
		Release|Any CPU = Release|Any CPU
	EndGlobalSection
	GlobalSection(ProjectConfigurationPlatforms) = postSolution
		{DB89058E-228F-4959-B551-AF71688643DD}.Debug|Any CPU.ActiveCfg = Debug|Any CPU
		{DB89058E-228F-4959-B551-AF71688643DD}.Debug|Any CPU.Build.0 = Debug|Any CPU
		{DB89058E-228F-4959-B551-AF71688643DD}.Release|Any CPU.ActiveCfg = Release|Any CPU
		{DB89058E-228F-4959-B551-AF71688643DD}.Release|Any CPU.Build.0 = Release|Any CPU
	EndGlobalSection
	GlobalSection(SolutionProperties) = preSolution
		HideSolutionNode = FALSE
	EndGlobalSection
	GlobalSection(ExtensibilityGlobals) = postSolution
		SolutionGuid = {ABB0CCBA-DB97-42A8-BBF6-7A073A35BD64}
	EndGlobalSection
EndGlobal
